{
  "name": "modai-ultralight",
  "version": "0.1.0",
  "lockfileVersion": 3,
  "requires": true,
  "packages": {
    "": {
      "name": "modai-ultralight",
      "version": "0.1.0",
      "bin": {
        "modai": "bin/modai"
      },
      "engines": {
        "node": ">=20.0.0"
      }
    },
    "stubs/packages/@ant/claude-for-chrome-mcp": {
      "version": "0.0.0-stub",
      "extraneous": true
    },
    "stubs/packages/@ant/computer-use-input": {
      "version": "0.0.0-stub",
      "extraneous": true
    },
    "stubs/packages/@ant/computer-use-mcp": {
      "version": "0.0.0-stub",
      "extraneous": true
    },
    "stubs/packages/@ant/computer-use-swift": {
      "version": "0.0.0-stub",
      "extraneous": true
    },
    "stubs/packages/@anthropic-ai/claude-agent-sdk": {
      "version": "0.0.0-stub",
      "extraneous": true
    },
    "stubs/packages/modifiers-napi": {
      "version": "0.0.0-stub",
      "extraneous": true
    }
  }
}
